
Microsoft Visual Studio Solution File, Format Version 12.00
# Visual Studio Version 17
VisualStudioVersion = 17.5.33424.131
MinimumVisualStudioVersion = 10.0.40219.1
Project("{8BC9CEB8-8B4A-11D0-8D11-00A0C91BC942}") = "StaticFuctional_129", "StaticFuctional_129\StaticFuctional_129.vcxproj", "{DC4DE2E4-9766-46F2-A4B5-2E0C77A5FCF4}"
EndProject
Project("{8BC9CEB8-8B4A-11D0-8D11-00A0C91BC942}") = "MbrStaticFunc_129", "MbrStaticFunc_129\MbrStaticFunc_129.vcxproj", "{CECA34DD-DFD4-452E-9213-65ADBBCB91C6}"
EndProject
Project("{8BC9CEB8-8B4A-11D0-8D11-00A0C91BC942}") = "konstruktor_129", "konstruktor_129\konstruktor_129.vcxproj", "{7AC21ED4-2CF9-4EB5-879F-3F0C95B28033}"
EndProject
Project("{8BC9CEB8-8B4A-11D0-8D11-00A0C91BC942}") = "destruktor_129", "destruktor_129\destruktor_129.vcxproj", "{28B91932-D998-41F0-BB52-7EE4830CB889}"
EndProject
Project("{8BC9CEB8-8B4A-11D0-8D11-00A0C91BC942}") = "chainfuction", "chainfuction\chainfuction.vcxproj", "{CCD71266-BEB3-4250-9D20-E9E042C2213C}"
EndProject
Global
	GlobalSection(SolutionConfigurationPlatforms) = preSolution
		Debug|x64 = Debug|x64
		Debug|x86 = Debug|x86
		Release|x64 = Release|x64
		Release|x86 = Release|x86
	EndGlobalSection
	GlobalSection(ProjectConfigurationPlatforms) = postSolution
		{DC4DE2E4-9766-46F2-A4B5-2E0C77A5FCF4}.Debug|x64.ActiveCfg = Debug|x64
		{DC4DE2E4-9766-46F2-A4B5-2E0C77A5FCF4}.Debug|x64.Build.0 = Debug|x64
		{DC4DE2E4-9766-46F2-A4B5-2E0C77A5FCF4}.Debug|x86.ActiveCfg = Debug|Win32
		{DC4DE2E4-9766-46F2-A4B5-2E0C77A5FCF4}.Debug|x86.Build.0 = Debug|Win32
		{DC4DE2E4-9766-46F2-A4B5-2E0C77A5FCF4}.Release|x64.ActiveCfg = Release|x64
		{DC4DE2E4-9766-46F2-A4B5-2E0C77A5FCF4}.Release|x64.Build.0 = Release|x64
		{DC4DE2E4-9766-46F2-A4B5-2E0C77A5FCF4}.Release|x86.ActiveCfg = Release|Win32
		{DC4DE2E4-9766-46F2-A4B5-2E0C77A5FCF4}.Release|x86.Build.0 = Release|Win32
		{CECA34DD-DFD4-452E-9213-65ADBBCB91C6}.Debug|x64.ActiveCfg = Debug|x64
		{CECA34DD-DFD4-452E-9213-65ADBBCB91C6}.Debug|x64.Build.0 = Debug|x64
		{CECA34DD-DFD4-452E-9213-65ADBBCB91C6}.Debug|x86.ActiveCfg = Debug|Win32
		{CECA34DD-DFD4-452E-9213-65ADBBCB91C6}.Debug|x86.Build.0 = Debug|Win32
		{CECA34DD-DFD4-452E-9213-65ADBBCB91C6}.Release|x64.ActiveCfg = Release|x64
		{CECA34DD-DFD4-452E-9213-65ADBBCB91C6}.Release|x64.Build.0 = Release|x64
		{CECA34DD-DFD4-452E-9213-65ADBBCB91C6}.Release|x86.ActiveCfg = Release|Win32
		{CECA34DD-DFD4-452E-9213-65ADBBCB91C6}.Release|x86.Build.0 = Release|Win32
		{7AC21ED4-2CF9-4EB5-879F-3F0C95B28033}.Debug|x64.ActiveCfg = Debug|x64
		{7AC21ED4-2CF9-4EB5-879F-3F0C95B28033}.Debug|x64.Build.0 = Debug|x64
		{7AC21ED4-2CF9-4EB5-879F-3F0C95B28033}.Debug|x86.ActiveCfg = Debug|Win32
		{7AC21ED4-2CF9-4EB5-879F-3F0C95B28033}.Debug|x86.Build.0 = Debug|Win32
		{7AC21ED4-2CF9-4EB5-879F-3F0C95B28033}.Release|x64.ActiveCfg = Release|x64
		{7AC21ED4-2CF9-4EB5-879F-3F0C95B28033}.Release|x64.Build.0 = Release|x64
		{7AC21ED4-2CF9-4EB5-879F-3F0C95B28033}.Release|x86.ActiveCfg = Release|Win32
		{7AC21ED4-2CF9-4EB5-879F-3F0C95B28033}.Release|x86.Build.0 = Release|Win32
		{28B91932-D998-41F0-BB52-7EE4830CB889}.Debug|x64.ActiveCfg = Debug|x64
		{28B91932-D998-41F0-BB52-7EE4830CB889}.Debug|x64.Build.0 = Debug|x64
		{28B91932-D998-41F0-BB52-7EE4830CB889}.Debug|x86.ActiveCfg = Debug|Win32
		{28B91932-D998-41F0-BB52-7EE4830CB889}.Debug|x86.Build.0 = Debug|Win32
		{28B91932-D998-41F0-BB52-7EE4830CB889}.Release|x64.ActiveCfg = Release|x64
		{28B91932-D998-41F0-BB52-7EE4830CB889}.Release|x64.Build.0 = Release|x64
		{28B91932-D998-41F0-BB52-7EE4830CB889}.Release|x86.ActiveCfg = Release|Win32
		{28B91932-D998-41F0-BB52-7EE4830CB889}.Release|x86.Build.0 = Release|Win32
		{CCD71266-BEB3-4250-9D20-E9E042C2213C}.Debug|x64.ActiveCfg = Debug|x64
		{CCD71266-BEB3-4250-9D20-E9E042C2213C}.Debug|x64.Build.0 = Debug|x64
		{CCD71266-BEB3-4250-9D20-E9E042C2213C}.Debug|x86.ActiveCfg = Debug|Win32
		{CCD71266-BEB3-4250-9D20-E9E042C2213C}.Debug|x86.Build.0 = Debug|Win32
		{CCD71266-BEB3-4250-9D20-E9E042C2213C}.Release|x64.ActiveCfg = Release|x64
		{CCD71266-BEB3-4250-9D20-E9E042C2213C}.Release|x64.Build.0 = Release|x64
		{CCD71266-BEB3-4250-9D20-E9E042C2213C}.Release|x86.ActiveCfg = Release|Win32
		{CCD71266-BEB3-4250-9D20-E9E042C2213C}.Release|x86.Build.0 = Release|Win32
	EndGlobalSection
	GlobalSection(SolutionProperties) = preSolution
		HideSolutionNode = FALSE
	EndGlobalSection
	GlobalSection(ExtensibilityGlobals) = postSolution
		SolutionGuid = {C315D1D7-0AFE-4DDF-8265-DD68E7BB3FD7}
	EndGlobalSection
EndGlobal
